# compose-kotlin-agent-skills — skill registry
# Format: <md5>  <relative path>

ea0612f9f7ea632426f23227aa0c9c99  SKILL.md
18388c176dbc37aec22c4133ad3cc5a9  skills/android-kotlin-architecture/SKILL.md
e66e60d883a477319d437c828541e5af  skills/android-kotlin-compose/SKILL.md
9a692cd3095a5700e366cf4212c60345  skills/android-kotlin-testing/SKILL.md
